
Microsoft Visual Studio Solution File, Format Version 12.00
# Visual Studio 2013
VisualStudioVersion = 12.0.30501.0
MinimumVisualStudioVersion = 10.0.40219.1
Project("{F2A71F9B-5D33-465A-A702-920D77279786}") = "CellularAutomaton", "CellularAutomaton\CellularAutomaton.fsproj", "{BC4F9458-437E-44C1-8E96-C7DE2EC3BF79}"
EndProject
Global
	GlobalSection(SolutionConfigurationPlatforms) = preSolution
		Debug|Any CPU = Debug|Any CPU
		Release|Any CPU = Release|Any CPU
	EndGlobalSection
	GlobalSection(ProjectConfigurationPlatforms) = postSolution
		{BC4F9458-437E-44C1-8E96-C7DE2EC3BF79}.Debug|Any CPU.ActiveCfg = Debug|Any CPU
		{BC4F9458-437E-44C1-8E96-C7DE2EC3BF79}.Debug|Any CPU.Build.0 = Debug|Any CPU
		{BC4F9458-437E-44C1-8E96-C7DE2EC3BF79}.Release|Any CPU.ActiveCfg = Release|Any CPU
		{BC4F9458-437E-44C1-8E96-C7DE2EC3BF79}.Release|Any CPU.Build.0 = Release|Any CPU
	EndGlobalSection
	GlobalSection(SolutionProperties) = preSolution
		HideSolutionNode = FALSE
	EndGlobalSection
EndGlobal
